
Microsoft Visual Studio Solution File, Format Version 12.00
# Visual Studio 15
VisualStudioVersion = 15.0.26730.15
MinimumVisualStudioVersion = 10.0.40219.1
Project("{FAE04EC0-301F-11D3-BF4B-00C04F79EFBC}") = "RSunicard", "RSunicard\RSunicard.csproj", "{97BBDEEE-C12D-411B-820A-1B46076BAD58}"
EndProject
Global
	GlobalSection(SolutionConfigurationPlatforms) = preSolution
		Debug|Any CPU = Debug|Any CPU
		Release|Any CPU = Release|Any CPU
	EndGlobalSection
	GlobalSection(ProjectConfigurationPlatforms) = postSolution
		{97BBDEEE-C12D-411B-820A-1B46076BAD58}.Debug|Any CPU.ActiveCfg = Debug|Any CPU
		{97BBDEEE-C12D-411B-820A-1B46076BAD58}.Debug|Any CPU.Build.0 = Debug|Any CPU
		{97BBDEEE-C12D-411B-820A-1B46076BAD58}.Release|Any CPU.ActiveCfg = Release|Any CPU
		{97BBDEEE-C12D-411B-820A-1B46076BAD58}.Release|Any CPU.Build.0 = Release|Any CPU
	EndGlobalSection
	GlobalSection(SolutionProperties) = preSolution
		HideSolutionNode = FALSE
	EndGlobalSection
	GlobalSection(ExtensibilityGlobals) = postSolution
		SolutionGuid = {E77413B2-0C93-4B87-B948-C3966D4B6B66}
	EndGlobalSection
EndGlobal
